# THIS IS AN AUTOGENERATED FILE. DO NOT EDIT THIS FILE DIRECTLY.
# yarn lockfile v1


"@nivo/colors@0.70.1":
  version "0.70.1"
  resolved "https://registry.yarnpkg.com/@nivo/colors/-/colors-0.70.1.tgz#1c07cd7d1a80c0ca8395e542050d6a3c6bca71a1"
  integrity sha512-PexRlQzybxfeX7noIl0lzIK4VAItEmx9dG8qo9iHkgrDzY6XSxRIMqIGb8aqu7aiopbpivdZ44Ud2bA1O89NUg==
  dependencies:
    d3-color "^2.0.0"
    d3-scale "^3.2.3"
    d3-scale-chromatic "^2.0.0"
    lodash "^4.17.11"
    react-motion "^0.5.2"

"@nivo/core@^0.70.1":
  version "0.70.1"
  resolved "https://registry.yarnpkg.com/@nivo/core/-/core-0.70.1.tgz#001c235ab1deafcca1f817c263f2613938041752"
  integrity sha512-j+SCOCR5TdXrpy25gnNoWjyU4p3nCupEJDhJsfNF+VeIDm84Zpzk9bT8DGlXKSKHKHql4Cg+9urxx8Sm61D23w==
  dependencies:
    "@nivo/recompose" "0.70.0"
    "@react-spring/web" "9.1.2"
    d3-color "^2.0.0"
    d3-format "^1.4.4"
    d3-hierarchy "^1.1.8"
    d3-interpolate "^2.0.1"
    d3-scale "^3.2.3"
    d3-scale-chromatic "^2.0.0"
    d3-shape "^1.3.5"
    d3-time-format "^2.1.3"
    lodash "^4.17.11"
    resize-observer-polyfill "^1.5.1"

"@nivo/legends@0.70.1":
  version "0.70.1"
  resolved "https://registry.yarnpkg.com/@nivo/legends/-/legends-0.70.1.tgz#78d4eb6f4257f14d5a4fc4981e3b72305977a2d4"
  integrity sha512-a+syic9S/PcnnGgeNCjgxgdnsXJ6tXEDrk+rTpOgFVRHBlqVa1TPT+HUGaDixqLv458RoVIbZmsr2RPTHvFF7Q==

"@nivo/radar@^0.70.1":
  version "0.70.1"
  resolved "https://registry.yarnpkg.com/@nivo/radar/-/radar-0.70.1.tgz#7f320578fec4eb8e15427785eca168520c54aa52"
  integrity sha512-4j2kl3dhZ9JUI1zyBdE+HQshp+PEDMJCsXykfxG3/shqsgmEdxvdOLlRNHkxAGUikOA4HK5lVPfnHQEwN5QCQg==
  dependencies:
    "@nivo/colors" "0.70.1"
    "@nivo/legends" "0.70.1"
    "@nivo/tooltip" "0.70.1"
    "@react-spring/web" "9.1.2"
    d3-scale "^3.2.3"
    d3-shape "^1.3.5"

"@nivo/recompose@0.70.0":
  version "0.70.0"
  resolved "https://registry.yarnpkg.com/@nivo/recompose/-/recompose-0.70.0.tgz#74c44ab0cb0f6f59e9cea91a9dd2dea1fb6fa405"
  integrity sha512-cl4DHKpROmpNpUKfbhY8PzYgWSSsAijxQIP72ZV6JqQ0Q+0dHLgTuLuG7Utmt3QKt+9oAp2I47g5PlDiBEh3AQ==
  dependencies:
    react-lifecycles-compat "^3.0.4"

"@nivo/tooltip@0.70.1":
  version "0.70.1"
  resolved "https://registry.yarnpkg.com/@nivo/tooltip/-/tooltip-0.70.1.tgz#418aef74dedcfbeca51ad56da1210dca2de7e14f"
  integrity sha512-znCyNY9qEAmU9dr87sgg2tmBQIsMBAmCvjtqWl6VEdhoogiuXkxOhHId3+kXzC7lgkcn0SYjHJNQmV/0sNfRsw==
  dependencies:
    "@react-spring/web" "9.1.2"

"@react-spring/animated@~9.1.2":
  version "9.1.2"
  resolved "https://registry.yarnpkg.com/@react-spring/animated/-/animated-9.1.2.tgz#e43b122160f8f4cbb0caac8a7f57acd76dd12369"
  integrity sha512-nKOGk+3aWbNp46V/CB1J2vR3GJI/Vork8N1WTI5mt+32QekrSsBn5/YFt4/iPaDGhLjukFxF0IjLs6hRLqSObw==
  dependencies:
    "@react-spring/shared" "~9.1.2"
    "@react-spring/types" "~9.1.2"

"@react-spring/core@~9.1.2":
  version "9.1.2"
  resolved "https://registry.yarnpkg.com/@react-spring/core/-/core-9.1.2.tgz#6d854a12fe9c3caa7942e51e708cb5fb4e2d1124"
  integrity sha512-rgobYPCcLdDwbHBVqAmvtXhhX92G7MoPltJlzUge843yp1dNr47tkagFdCtw9NMGp6eHu/CE5byh/imlhLLAxw==
  dependencies:
    "@react-spring/animated" "~9.1.2"
    "@react-spring/shared" "~9.1.2"
    "@react-spring/types" "~9.1.2"

"@react-spring/shared@~9.1.2":
  version "9.1.2"
  resolved "https://registry.yarnpkg.com/@react-spring/shared/-/shared-9.1.2.tgz#c36d077d7eb31fd2cbcf8956d9d35037b2998613"
  integrity sha512-sj/RrhFZAteCWAMk+W0t6Ku/skn/lbskCCs8B7ZnHNLMGPM+Zb3MOk+aVbX3T/D0iq/oTnKWyQYqrXDKiFcZ7g==
  dependencies:
    "@react-spring/types" "~9.1.2"
    rafz "^0.1.14"

"@react-spring/types@~9.1.2":
  version "9.1.2"
  resolved "https://registry.yarnpkg.com/@react-spring/types/-/types-9.1.2.tgz#3273a182f825b38f44ead2a2f3984344abad1e2b"
  integrity sha512-NZNImL0ymRFbss1cGKX2qSEeFdFoOgnIJZEW4Uczt+wm04J7g0Zuf23Hf8hM35JtxDr8QO5okp8BBtCM5FzzMg==

"@react-spring/web@9.1.2":
  version "9.1.2"
  resolved "https://registry.yarnpkg.com/@react-spring/web/-/web-9.1.2.tgz#6ec409e8559676834b67aa33f0a2d57643c3c555"
  integrity sha512-E5W9Hmi2bO6CPorCNV/2iv12ux9LxHJAbpXmrBPKWFRqZixysiHoNQKKPG0DmSvUU1uKkvCvMC4VoB6pj/2kxw==
  dependencies:
    "@react-spring/animated" "~9.1.2"
    "@react-spring/core" "~9.1.2"
    "@react-spring/shared" "~9.1.2"
    "@react-spring/types" "~9.1.2"

d3-array@2, d3-array@^2.3.0:
  version "2.12.1"
  resolved "https://registry.yarnpkg.com/d3-array/-/d3-array-2.12.1.tgz#e20b41aafcdffdf5d50928004ececf815a465e81"
  integrity sha512-B0ErZK/66mHtEsR1TkPEEkwdy+WDesimkM5gpZr5Dsg54BiTA5RXtYW5qTLIAcekaS9xfZrzBLF/OAkB3Qn1YQ==
  dependencies:
    internmap "^1.0.0"

"d3-color@1 - 2", d3-color@^2.0.0:
  version "2.0.0"
  resolved "https://registry.yarnpkg.com/d3-color/-/d3-color-2.0.0.tgz#8d625cab42ed9b8f601a1760a389f7ea9189d62e"
  integrity sha512-SPXi0TSKPD4g9tw0NMZFnR95XVgUZiBH+uUTqQuDu1OsE2zomHU7ho0FISciaPvosimixwHFl3WHLGabv6dDgQ==

"d3-format@1 - 2":
  version "2.0.0"
  resolved "https://registry.yarnpkg.com/d3-format/-/d3-format-2.0.0.tgz#a10bcc0f986c372b729ba447382413aabf5b0767"
  integrity sha512-Ab3S6XuE/Q+flY96HXT0jOXcM4EAClYFnRGY5zsjRGNy6qCYrQsMffs7cV5Q9xejb35zxW5hf/guKw34kvIKsA==

d3-format@^1.4.4:
  version "1.4.5"
  resolved "https://registry.yarnpkg.com/d3-format/-/d3-format-1.4.5.tgz#374f2ba1320e3717eb74a9356c67daee17a7edb4"
  integrity sha512-J0piedu6Z8iB6TbIGfZgDzfXxUFN3qQRMofy2oPdXzQibYGqPB/9iMcxr/TGalU+2RsyDO+U4f33id8tbnSRMQ==

d3-hierarchy@^1.1.8:
  version "1.1.9"
  resolved "https://registry.yarnpkg.com/d3-hierarchy/-/d3-hierarchy-1.1.9.tgz#2f6bee24caaea43f8dc37545fa01628559647a83"
  integrity sha512-j8tPxlqh1srJHAtxfvOUwKNYJkQuBFdM1+JAUfq6xqH5eAqf93L7oG1NVqDa4CpFZNvnNKtCYEUC8KY9yEn9lQ==

"d3-interpolate@1 - 2", "d3-interpolate@1.2.0 - 2", d3-interpolate@^2.0.1:
  version "2.0.1"
  resolved "https://registry.yarnpkg.com/d3-interpolate/-/d3-interpolate-2.0.1.tgz#98be499cfb8a3b94d4ff616900501a64abc91163"
  integrity sha512-c5UhwwTs/yybcmTpAVqwSFl6vrQ8JZJoT5F7xNFK9pymv5C0Ymcc9/LIJHtYIggg/yS9YHw8i8O8tgb9pupjeQ==
  dependencies:
    d3-color "1 - 2"

d3-path@1:
  version "1.0.9"
  resolved "https://registry.yarnpkg.com/d3-path/-/d3-path-1.0.9.tgz#48c050bb1fe8c262493a8caf5524e3e9591701cf"
  integrity sha512-VLaYcn81dtHVTjEHd8B+pbe9yHWpXKZUC87PzoFmsFrJqgFwDe/qxfp5MlfsfM1V5E/iVt0MmEbWQ7FVIXh/bg==

d3-scale-chromatic@^2.0.0:
  version "2.0.0"
  resolved "https://registry.yarnpkg.com/d3-scale-chromatic/-/d3-scale-chromatic-2.0.0.tgz#c13f3af86685ff91323dc2f0ebd2dabbd72d8bab"
  integrity sha512-LLqy7dJSL8yDy7NRmf6xSlsFZ6zYvJ4BcWFE4zBrOPnQERv9zj24ohnXKRbyi9YHnYV+HN1oEO3iFK971/gkzA==
  dependencies:
    d3-color "1 - 2"
    d3-interpolate "1 - 2"

d3-scale@^3.2.3:
  version "3.3.0"
  resolved "https://registry.yarnpkg.com/d3-scale/-/d3-scale-3.3.0.tgz#28c600b29f47e5b9cd2df9749c206727966203f3"
  integrity sha512-1JGp44NQCt5d1g+Yy+GeOnZP7xHo0ii8zsQp6PGzd+C1/dl0KGsp9A7Mxwp+1D1o4unbTTxVdU/ZOIEBoeZPbQ==
  dependencies:
    d3-array "^2.3.0"
    d3-format "1 - 2"
    d3-interpolate "1.2.0 - 2"
    d3-time "^2.1.1"
    d3-time-format "2 - 3"

d3-shape@^1.3.5:
  version "1.3.7"
  resolved "https://registry.yarnpkg.com/d3-shape/-/d3-shape-1.3.7.tgz#df63801be07bc986bc54f63789b4fe502992b5d7"
  integrity sha512-EUkvKjqPFUAZyOlhY5gzCxCeI0Aep04LwIRpsZ/mLFelJiUfnK56jo5JMDSE7yyP2kLSb6LtF+S5chMk7uqPqw==
  dependencies:
    d3-path "1"

"d3-time-format@2 - 3":
  version "3.0.0"
  resolved "https://registry.yarnpkg.com/d3-time-format/-/d3-time-format-3.0.0.tgz#df8056c83659e01f20ac5da5fdeae7c08d5f1bb6"
  integrity sha512-UXJh6EKsHBTjopVqZBhFysQcoXSv/5yLONZvkQ5Kk3qbwiUYkdX17Xa1PT6U1ZWXGGfB1ey5L8dKMlFq2DO0Ag==
  dependencies:
    d3-time "1 - 2"

d3-time-format@^2.1.3:
  version "2.3.0"
  resolved "https://registry.yarnpkg.com/d3-time-format/-/d3-time-format-2.3.0.tgz#107bdc028667788a8924ba040faf1fbccd5a7850"
  integrity sha512-guv6b2H37s2Uq/GefleCDtbe0XZAuy7Wa49VGkPVPMfLL9qObgBST3lEHJBMUp8S7NdLQAGIvr2KXk8Hc98iKQ==
  dependencies:
    d3-time "1"

d3-time@1:
  version "1.1.0"
  resolved "https://registry.yarnpkg.com/d3-time/-/d3-time-1.1.0.tgz#b1e19d307dae9c900b7e5b25ffc5dcc249a8a0f1"
  integrity sha512-Xh0isrZ5rPYYdqhAVk8VLnMEidhz5aP7htAADH6MfzgmmicPkTo8LhkLxci61/lCB7n7UmE3bN0leRt+qvkLxA==

"d3-time@1 - 2", d3-time@^2.1.1:
  version "2.1.1"
  resolved "https://registry.yarnpkg.com/d3-time/-/d3-time-2.1.1.tgz#e9d8a8a88691f4548e68ca085e5ff956724a6682"
  integrity sha512-/eIQe/eR4kCQwq7yxi7z4c6qEXf2IYGcjoWB5OOQy4Tq9Uv39/947qlDcN2TLkiTzQWzvnsuYPB9TrWaNfipKQ==
  dependencies:
    d3-array "2"

internmap@^1.0.0:
  version "1.0.1"
  resolved "https://registry.yarnpkg.com/internmap/-/internmap-1.0.1.tgz#0017cc8a3b99605f0302f2b198d272e015e5df95"
  integrity sha512-lDB5YccMydFBtasVtxnZ3MRBHuaoE8GKsppq+EchKL2U4nK/DmEpPHNH8MZe5HkMtpSiTSOZwfN0tzYjO/lJEw==

"js-tokens@^3.0.0 || ^4.0.0":
  version "4.0.0"
  resolved "https://registry.yarnpkg.com/js-tokens/-/js-tokens-4.0.0.tgz#19203fb59991df98e3a287050d4647cdeaf32499"
  integrity sha512-RdJUflcE3cUzKiMqQgsCu06FPu9UdIJO0beYbPhHN4k6apgJtifcoCtT9bcxOpYBtpD2kCM6Sbzg4CausW/PKQ==

lodash@^4.17.11:
  version "4.17.21"
  resolved "https://registry.yarnpkg.com/lodash/-/lodash-4.17.21.tgz#679591c564c3bffaae8454cf0b3df370c3d6911c"
  integrity sha512-v2kDEe57lecTulaDIuNTPy3Ry4gLGJ6Z1O3vE1krgXZNrsQ+LFTGHVxVjcXPs17LhbZVGedAJv8XZ1tvj5FvSg==

loose-envify@^1.4.0:
  version "1.4.0"
  resolved "https://registry.yarnpkg.com/loose-envify/-/loose-envify-1.4.0.tgz#71ee51fa7be4caec1a63839f7e682d8132d30caf"
  integrity sha512-lyuxPGr/Wfhrlem2CL/UcnUc1zcqKAImBDzukY7Y5F/yQiNdko6+fRLevlw1HgMySw7f611UIY408EtxRSoK3Q==
  dependencies:
    js-tokens "^3.0.0 || ^4.0.0"

object-assign@^4.1.1:
  version "4.1.1"
  resolved "https://registry.yarnpkg.com/object-assign/-/object-assign-4.1.1.tgz#2109adc7965887cfc05cbbd442cac8bfbb360863"
  integrity sha1-IQmtx5ZYh8/AXLvUQsrIv7s2CGM=

performance-now@^0.2.0:
  version "0.2.0"
  resolved "https://registry.yarnpkg.com/performance-now/-/performance-now-0.2.0.tgz#33ef30c5c77d4ea21c5a53869d91b56d8f2555e5"
  integrity sha1-M+8wxcd9TqIcWlOGnZG1bY8lVeU=

performance-now@^2.1.0:
  version "2.1.0"
  resolved "https://registry.yarnpkg.com/performance-now/-/performance-now-2.1.0.tgz#6309f4e0e5fa913ec1c69307ae364b4b377c9e7b"
  integrity sha1-Ywn04OX6kT7BxpMHrjZLSzd8nns=

prop-types@^15.5.8:
  version "15.7.2"
  resolved "https://registry.yarnpkg.com/prop-types/-/prop-types-15.7.2.tgz#52c41e75b8c87e72b9d9360e0206b99dcbffa6c5"
  integrity sha512-8QQikdH7//R2vurIJSutZ1smHYTcLpRWEOlHnzcWHmBYrOGUysKwSsrC89BCiFj3CbrfJ/nXFdJepOVrY1GCHQ==
  dependencies:
    loose-envify "^1.4.0"
    object-assign "^4.1.1"
    react-is "^16.8.1"

raf@^3.1.0:
  version "3.4.1"
  resolved "https://registry.yarnpkg.com/raf/-/raf-3.4.1.tgz#0742e99a4a6552f445d73e3ee0328af0ff1ede39"
  integrity sha512-Sq4CW4QhwOHE8ucn6J34MqtZCeWFP2aQSmrlroYgqAV1PjStIhJXxYuTgUIfkEk7zTLjmIjLmU5q+fbD1NnOJA==
  dependencies:
    performance-now "^2.1.0"

rafz@^0.1.14:
  version "0.1.14"
  resolved "https://registry.yarnpkg.com/rafz/-/rafz-0.1.14.tgz#164f01cf7cc6094e08467247ef351ef5c8d278fe"
  integrity sha512-YiQkedSt1urYtYbvHhTQR3l67M8SZbUvga5eJFM/v4vx/GmDdtXlE2hjJIyRjhhO/PjcdGC+CXCYOUA4onit8w==

react-is@^16.8.1:
  version "16.13.1"
  resolved "https://registry.yarnpkg.com/react-is/-/react-is-16.13.1.tgz#789729a4dc36de2999dc156dd6c1d9c18cea56a4"
  integrity sha512-24e6ynE2H+OKt4kqsOvNd8kBpV65zoxbA4BVsEOB3ARVWQki/DHzaUoC5KuON/BiccDaCCTZBuOcfZs70kR8bQ==

react-lifecycles-compat@^3.0.4:
  version "3.0.4"
  resolved "https://registry.yarnpkg.com/react-lifecycles-compat/-/react-lifecycles-compat-3.0.4.tgz#4f1a273afdfc8f3488a8c516bfda78f872352362"
  integrity sha512-fBASbA6LnOU9dOU2eW7aQ8xmYBSXUIWr+UmF9b1efZBazGNO+rcXT/icdKnYm2pTwcRylVUYwW7H1PHfLekVzA==

react-motion@^0.5.2:
  version "0.5.2"
  resolved "https://registry.yarnpkg.com/react-motion/-/react-motion-0.5.2.tgz#0dd3a69e411316567927917c6626551ba0607316"
  integrity sha512-9q3YAvHoUiWlP3cK0v+w1N5Z23HXMj4IF4YuvjvWegWqNPfLXsOBE/V7UvQGpXxHFKRQQcNcVQE31g9SB/6qgQ==
  dependencies:
    performance-now "^0.2.0"
    prop-types "^15.5.8"
    raf "^3.1.0"

resize-observer-polyfill@^1.5.1:
  version "1.5.1"
  resolved "https://registry.yarnpkg.com/resize-observer-polyfill/-/resize-observer-polyfill-1.5.1.tgz#0e9020dd3d21024458d4ebd27e23e40269810464"
  integrity sha512-LwZrotdHOo12nQuZlHEmtuXdqGoOD0OhaxopaNFxWzInpEgaLWoVuAMbTzixuosCx2nEG58ngzW3vxdWoxIgdg==
